
Microsoft Visual Studio Solution File, Format Version 12.00
# Visual Studio 15
VisualStudioVersion = 15.0.27428.2037
MinimumVisualStudioVersion = 10.0.40219.1
Project("{FAE04EC0-301F-11D3-BF4B-00C04F79EFBC}") = "FastNewFile", "FastNewFile\FastNewFile.csproj", "{996EB10E-456F-4A34-A519-84DFCB413799}"
EndProject
Project("{2150E333-8FDC-42A3-9474-1A3956D46DE8}") = "Misc", "Misc", "{A6799B59-F863-417E-BECC-567186D961D6}"
	ProjectSection(SolutionItems) = preProject
		LICENSE = LICENSE
		README.md = README.md
		screenshot.png = screenshot.png
	EndProjectSection
EndProject
Global
	GlobalSection(SolutionConfigurationPlatforms) = preSolution
		Debug|Any CPU = Debug|Any CPU
		Release|Any CPU = Release|Any CPU
	EndGlobalSection
	GlobalSection(ProjectConfigurationPlatforms) = postSolution
		{996EB10E-456F-4A34-A519-84DFCB413799}.Debug|Any CPU.ActiveCfg = Debug|Any CPU
		{996EB10E-456F-4A34-A519-84DFCB413799}.Debug|Any CPU.Build.0 = Debug|Any CPU
		{996EB10E-456F-4A34-A519-84DFCB413799}.Release|Any CPU.ActiveCfg = Release|Any CPU
		{996EB10E-456F-4A34-A519-84DFCB413799}.Release|Any CPU.Build.0 = Release|Any CPU
	EndGlobalSection
	GlobalSection(SolutionProperties) = preSolution
		HideSolutionNode = FALSE
	EndGlobalSection
	GlobalSection(ExtensibilityGlobals) = postSolution
		SolutionGuid = {D7270CD7-5302-48A9-B589-0D4CBE0EA401}
	EndGlobalSection
EndGlobal
